// !$*UTF8*$!
{
	archiveVersion = 1;
	classes = {
	};
	objectVersion = 46;
	objects = {

/* Begin PBXBuildFile section */
		37F21B011C6A407000D53194 /* main.cpp in Sources */ = {isa = PBXBuildFile; fileRef = 37F21B001C6A407000D53194 /* main.cpp */; };
		37F21B031C6A407700D53194 /* Fraction.cpp in Sources */ = {isa = PBXBuildFile; fileRef = 37F21B021C6A407700D53194 /* Fraction.cpp */; };
/* End PBXBuildFile section */

/* Begin PBXCopyFilesBuildPhase section */
		37992B9F1C6A38D40019ED19 /* CopyFiles */ = {
			isa = PBXCopyFilesBuildPhase;
			buildActionMask = 2147483647;
			dstPath = /usr/share/man/man1/;
			dstSubfolderSpec = 0;
			files = (
			);
			runOnlyForDeploymentPostprocessing = 1;
		};
/* End PBXCopyFilesBuildPhase section */

/* Begin PBXFileReference section */
		37992BA11C6A38D40019ED19 /* MacFraction */ = {isa = PBXFileReference; explicitFileType = "compiled.mach-o.executable"; includeInIndex = 0; path = MacFraction; sourceTree = BUILT_PRODUCTS_DIR; };
		37F21B001C6A407000D53194 /* main.cpp */ = {isa = PBXFileReference; fileEncoding = 4; lastKnownFileType = sourcecode.cpp.cpp; path = main.cpp; sourceTree = SOURCE_ROOT; };
		37F21B021C6A407700D53194 /* Fraction.cpp */ = {isa = PBXFileReference; fileEncoding = 4; lastKnownFileType = sourcecode.cpp.cpp; path = Fraction.cpp; sourceTree = SOURCE_ROOT; };
		37F21B041C6A407C00D53194 /* Fraction.hpp */ = {isa = PBXFileReference; fileEncoding = 4; lastKnownFileType = sourcecode.cpp.h; path = Fraction.hpp; sourceTree = SOURCE_ROOT; };
/* End PBXFileReference section */

/* Begin PBXFrameworksBuildPhase section */
		37992B9E1C6A38D40019ED19 /* Frameworks */ = {
			isa = PBXFrameworksBuildPhase;
			buildActionMask = 2147483647;
			files = (
			);
			runOnlyForDeploymentPostprocessing = 0;
		};
/* End PBXFrameworksBuildPhase section */

/* Begin PBXGroup section */
		37992B981C6A38D40019ED19 = {
			isa = PBXGroup;
			children = (
				37992BA31C6A38D40019ED19 /* MacFraction */,
				37992BA21C6A38D40019ED19 /* Products */,
			);
			sourceTree = "<group>";
		};
		37992BA21C6A38D40019ED19 /* Products */ = {
			isa = PBXGroup;
			children = (
				37992BA11C6A38D40019ED19 /* MacFraction */,
			);
			name = Products;
			sourceTree = "<group>";
		};
		37992BA31C6A38D40019ED19 /* MacFraction */ = {
			isa = PBXGroup;
			children = (
				37F21B001C6A407000D53194 /* main.cpp */,
				37F21B041C6A407C00D53194 /* Fraction.hpp */,
				37F21B021C6A407700D53194 /* Fraction.cpp */,
			);
			path = MacFraction;
			sourceTree = "<group>";
		};
/* End PBXGroup section */

/* Begin PBXNativeTarget section */
		37992BA01C6A38D40019ED19 /* MacFraction */ = {
			isa = PBXNativeTarget;
			buildConfigurationList = 37992BA81C6A38D40019ED19 /* Build configuration list for PBXNativeTarget "MacFraction" */;
			buildPhases = (
				37992B9D1C6A38D40019ED19 /* Sources */,
				37992B9E1C6A38D40019ED19 /* Frameworks */,
				37992B9F1C6A38D40019ED19 /* CopyFiles */,
			);
			buildRules = (
			);
			dependencies = (
			);
			name = MacFraction;
			productName = MacFraction;
			productReference = 37992BA11C6A38D40019ED19 /* MacFraction */;
			productType = "com.apple.product-type.tool";
		};
/* End PBXNativeTarget section */

/* Begin PBXProject section */
		37992B991C6A38D40019ED19 /* Project object */ = {
			isa = PBXProject;
			attributes = {
				LastUpgradeCheck = 0720;
				ORGANIZATIONNAME = "Stephen Beardslee";
				TargetAttributes = {
					37992BA01C6A38D40019ED19 = {
						CreatedOnToolsVersion = 7.2;
					};
				};
			};
			buildConfigurationList = 37992B9C1C6A38D40019ED19 /* Build configuration list for PBXProject "MacFraction" */;
			compatibilityVersion = "Xcode 3.2";
			developmentRegion = English;
			hasScannedForEncodings = 0;
			knownRegions = (
				en,
			);
			mainGroup = 37992B981C6A38D40019ED19;
			productRefGroup = 37992BA21C6A38D40019ED19 /* Products */;
			projectDirPath = "";
			projectRoot = "";
			targets = (
				37992BA01C6A38D40019ED19 /* MacFraction */,
			);
		};
/* End PBXProject section */

/* Begin PBXSourcesBuildPhase section */
		37992B9D1C6A38D40019ED19 /* Sources */ = {
			isa = PBXSourcesBuildPhase;
			buildActionMask = 2147483647;
			files = (
				37F21B011C6A407000D53194 /* main.cpp in Sources */,
				37F21B031C6A407700D53194 /* Fraction.cpp in Sources */,
			);
			runOnlyForDeploymentPostprocessing = 0;
		};
/* End PBXSourcesBuildPhase section */

/* Begin XCBuildConfiguration section */
		37992BA61C6A38D40019ED19 /* Debug */ = {
			isa = XCBuildConfiguration;
			buildSettings = {
				ALWAYS_SEARCH_USER_PATHS = NO;
				CLANG_CXX_LANGUAGE_STANDARD = "gnu++0x";
				CLANG_CXX_LIBRARY = "libc++";
				CLANG_ENABLE_MODULES = YES;
				CLANG_ENABLE_OBJC_ARC = YES;
				CLANG_WARN_BOOL_CONVERSION = YES;
				CLANG_WARN_CONSTANT_CONVERSION = YES;
				CLANG_WARN_DIRECT_OBJC_ISA_USAGE = YES_ERROR;
				CLANG_WARN_EMPTY_BODY = YES;
				CLANG_WARN_ENUM_CONVERSION = YES;
				CLANG_WARN_INT_CONVERSION = YES;
				CLANG_WARN_OBJC_ROOT_CLASS = YES_ERROR;
				CLANG_WARN_UNREACHABLE_CODE = YES;
				CLANG_WARN__DUPLICATE_METHOD_MATCH = YES;
				CODE_SIGN_IDENTITY = "-";
				COPY_PHASE_STRIP = NO;
				DEBUG_INFORMATION_FORMAT = dwarf;
				ENABLE_STRICT_OBJC_MSGSEND = YES;
				ENABLE_TESTABILITY = YES;
				GCC_C_LANGUAGE_STANDARD = gnu99;
				GCC_DYNAMIC_NO_PIC = NO;
				GCC_NO_COMMON_BLOCKS = YES;
				GCC_OPTIMIZATION_LEVEL = 0;
				GCC_PREPROCESSOR_DEFINITIONS = (
					"DEBUG=1",
					"$(inherited)",
				);
				GCC_WARN_64_TO_32_BIT_CONVERSION = YES;
				GCC_WARN_ABOUT_RETURN_TYPE = YES_ERROR;
				GCC_WARN_UNDECLARED_SELECTOR = YES;
				GCC_WARN_UNINITIALIZED_AUTOS = YES_AGGRESSIVE;
				GCC_WARN_UNUSED_FUNCTION = YES;
				GCC_WARN_UNUSED_VARIABLE = YES;
				MACOSX_DEPLOYMENT_TARGET = 10.10;
				MTL_ENABLE_DEBUG_INFO = YES;
				ONLY_ACTIVE_ARCH = YES;
				SDKROOT = macosx;
			};
			name = Debug;
		};
		37992BA71C6A38D40019ED19 /* Release */ = {
			isa = XCBuildConfiguration;
			buildSettings = {
				ALWAYS_SEARCH_USER_PATHS = NO;
				CLANG_CXX_LANGUAGE_STANDARD = "gnu++0x";
				CLANG_CXX_LIBRARY = "libc++";
				CLANG_ENABLE_MODULES = YES;
				CLANG_ENABLE_OBJC_ARC = YES;
				CLANG_WARN_BOOL_CONVERSION = YES;
				CLANG_WARN_CONSTANT_CONVERSION = YES;
				CLANG_WARN_DIRECT_OBJC_ISA_USAGE = YES_ERROR;
				CLANG_WARN_EMPTY_BODY = YES;
				CLANG_WARN_ENUM_CONVERSION = YES;
				CLANG_WARN_INT_CONVERSION = YES;
				CLANG_WARN_OBJC_ROOT_CLASS = YES_ERROR;
				CLANG_WARN_UNREACHABLE_CODE = YES;
				CLANG_WARN__DUPLICATE_METHOD_MATCH = YES;
				CODE_SIGN_IDENTITY = "-";
				COPY_PHASE_STRIP = NO;
				DEBUG_INFORMATION_FORMAT = "dwarf-with-dsym";
				ENABLE_NS_ASSERTIONS = NO;
				ENABLE_STRICT_OBJC_MSGSEND = YES;
				GCC_C_LANGUAGE_STANDARD = gnu99;
				GCC_NO_COMMON_BLOCKS = YES;
				GCC_WARN_64_TO_32_BIT_CONVERSION = YES;
				GCC_WARN_ABOUT_RETURN_TYPE = YES_ERROR;
				GCC_WARN_UNDECLARED_SELECTOR = YES;
				GCC_WARN_UNINITIALIZED_AUTOS = YES_AGGRESSIVE;
				GCC_WARN_UNUSED_FUNCTION = YES;
				GCC_WARN_UNUSED_VARIABLE = YES;
				MACOSX_DEPLOYMENT_TARGET = 10.10;
				MTL_ENABLE_DEBUG_INFO = NO;
				SDKROOT = macosx;
			};
			name = Release;
		};
		37992BA91C6A38D40019ED19 /* Debug */ = {
			isa = XCBuildConfiguration;
			buildSettings = {
				PRODUCT_NAME = "$(TARGET_NAME)";
			};
			name = Debug;
		};
		37992BAA1C6A38D40019ED19 /* Release */ = {
			isa = XCBuildConfiguration;
			buildSettings = {
				PRODUCT_NAME = "$(TARGET_NAME)";
			};
			name = Release;
		};
/* End XCBuildConfiguration section */

/* Begin XCConfigurationList section */
		37992B9C1C6A38D40019ED19 /* Build configuration list for PBXProject "MacFraction" */ = {
			isa = XCConfigurationList;
			buildConfigurations = (
				37992BA61C6A38D40019ED19 /* Debug */,
				37992BA71C6A38D40019ED19 /* Release */,
			);
			defaultConfigurationIsVisible = 0;
			defaultConfigurationName = Release;
		};
		37992BA81C6A38D40019ED19 /* Build configuration list for PBXNativeTarget "MacFraction" */ = {
			isa = XCConfigurationList;
			buildConfigurations = (
				37992BA91C6A38D40019ED19 /* Debug */,
				37992BAA1C6A38D40019ED19 /* Release */,
			);
			defaultConfigurationIsVisible = 0;
			defaultConfigurationName = Release;
		};
/* End XCConfigurationList section */
	};
	rootObject = 37992B991C6A38D40019ED19 /* Project object */;
}
